
Microsoft Visual Studio Solution File, Format Version 12.00
# Visual Studio 2012
Project("{8BC9CEB8-8B4A-11D0-8D11-00A0C91BC942}") = "CourceSelection", "CourceSelection\CourceSelection.vcxproj", "{7A5E6313-2286-4B0C-8BF3-B2E6526B66F8}"
EndProject
Global
	GlobalSection(SolutionConfigurationPlatforms) = preSolution
		Debug|Win32 = Debug|Win32
		Release|Win32 = Release|Win32
	EndGlobalSection
	GlobalSection(ProjectConfigurationPlatforms) = postSolution
		{7A5E6313-2286-4B0C-8BF3-B2E6526B66F8}.Debug|Win32.ActiveCfg = Release|Win32
		{7A5E6313-2286-4B0C-8BF3-B2E6526B66F8}.Debug|Win32.Build.0 = Release|Win32
		{7A5E6313-2286-4B0C-8BF3-B2E6526B66F8}.Release|Win32.ActiveCfg = Release|Win32
		{7A5E6313-2286-4B0C-8BF3-B2E6526B66F8}.Release|Win32.Build.0 = Release|Win32
	EndGlobalSection
	GlobalSection(SolutionProperties) = preSolution
		HideSolutionNode = FALSE
	EndGlobalSection
EndGlobal
