
Microsoft Visual Studio Solution File, Format Version 12.00
# Visual Studio 2012
Project("{8BC9CEB8-8B4A-11D0-8D11-00A0C91BC942}") = "Schedule", "Schedule\Schedule.vcxproj", "{57764B2A-0264-4B4A-ACA6-04A350B70C0F}"
EndProject
Global
	GlobalSection(SolutionConfigurationPlatforms) = preSolution
		Debug|Win32 = Debug|Win32
		Release|Win32 = Release|Win32
	EndGlobalSection
	GlobalSection(ProjectConfigurationPlatforms) = postSolution
		{57764B2A-0264-4B4A-ACA6-04A350B70C0F}.Debug|Win32.ActiveCfg = Release|Win32
		{57764B2A-0264-4B4A-ACA6-04A350B70C0F}.Debug|Win32.Build.0 = Release|Win32
		{57764B2A-0264-4B4A-ACA6-04A350B70C0F}.Release|Win32.ActiveCfg = Release|Win32
		{57764B2A-0264-4B4A-ACA6-04A350B70C0F}.Release|Win32.Build.0 = Release|Win32
	EndGlobalSection
	GlobalSection(SolutionProperties) = preSolution
		HideSolutionNode = FALSE
	EndGlobalSection
EndGlobal
